
Microsoft Visual Studio Solution File, Format Version 12.00
# Visual Studio Version 17
VisualStudioVersion = 17.8.34309.116
MinimumVisualStudioVersion = 10.0.40219.1
Project("{2150E333-8FDC-42A3-9474-1A3956D46DE8}") = "src", "src", "{ED05159F-A970-44F3-9B31-89CC7BB2BFC7}"
EndProject
Project("{2150E333-8FDC-42A3-9474-1A3956D46DE8}") = "Core", "Core", "{BF8E4C12-23A2-481A-9DAC-3C783CB4EEFA}"
EndProject
Project("{2150E333-8FDC-42A3-9474-1A3956D46DE8}") = "Presentation", "Presentation", "{40332139-501E-47A2-AD65-F01331B55D1B}"
EndProject
Project("{2150E333-8FDC-42A3-9474-1A3956D46DE8}") = "Tests", "Tests", "{4C66C5D9-53E1-48F7-B4C2-80B2EA660E2A}"
EndProject
Project("{9A19103F-16F7-4668-BE54-9A1E7A4F7556}") = "Application", "src\Core\Application\Application.csproj", "{BBD0D155-C9CA-4BF5-B709-6A23C8BDBFA5}"
EndProject
Project("{9A19103F-16F7-4668-BE54-9A1E7A4F7556}") = "Domain", "src\Core\Domain\Domain.csproj", "{A0CCB592-C566-45C1-A05A-26BEFB19A3A7}"
EndProject
Project("{9A19103F-16F7-4668-BE54-9A1E7A4F7556}") = "Infrastructure", "src\Core\Infrastructure\Infrastructure.csproj", "{0E38C83D-74FD-49A6-93DE-AEE00C39D223}"
EndProject
Project("{9A19103F-16F7-4668-BE54-9A1E7A4F7556}") = "Clean.API", "src\Presentation\Clean.API\Clean.API.csproj", "{E9AA9825-B8CB-43D8-848E-5F452B0B0E2B}"
EndProject
Global
	GlobalSection(SolutionConfigurationPlatforms) = preSolution
		Debug|Any CPU = Debug|Any CPU
		Release|Any CPU = Release|Any CPU
	EndGlobalSection
	GlobalSection(ProjectConfigurationPlatforms) = postSolution
		{BBD0D155-C9CA-4BF5-B709-6A23C8BDBFA5}.Debug|Any CPU.ActiveCfg = Debug|Any CPU
		{BBD0D155-C9CA-4BF5-B709-6A23C8BDBFA5}.Debug|Any CPU.Build.0 = Debug|Any CPU
		{BBD0D155-C9CA-4BF5-B709-6A23C8BDBFA5}.Release|Any CPU.ActiveCfg = Release|Any CPU
		{BBD0D155-C9CA-4BF5-B709-6A23C8BDBFA5}.Release|Any CPU.Build.0 = Release|Any CPU
		{A0CCB592-C566-45C1-A05A-26BEFB19A3A7}.Debug|Any CPU.ActiveCfg = Debug|Any CPU
		{A0CCB592-C566-45C1-A05A-26BEFB19A3A7}.Debug|Any CPU.Build.0 = Debug|Any CPU
		{A0CCB592-C566-45C1-A05A-26BEFB19A3A7}.Release|Any CPU.ActiveCfg = Release|Any CPU
		{A0CCB592-C566-45C1-A05A-26BEFB19A3A7}.Release|Any CPU.Build.0 = Release|Any CPU
		{0E38C83D-74FD-49A6-93DE-AEE00C39D223}.Debug|Any CPU.ActiveCfg = Debug|Any CPU
		{0E38C83D-74FD-49A6-93DE-AEE00C39D223}.Debug|Any CPU.Build.0 = Debug|Any CPU
		{0E38C83D-74FD-49A6-93DE-AEE00C39D223}.Release|Any CPU.ActiveCfg = Release|Any CPU
		{0E38C83D-74FD-49A6-93DE-AEE00C39D223}.Release|Any CPU.Build.0 = Release|Any CPU
		{E9AA9825-B8CB-43D8-848E-5F452B0B0E2B}.Debug|Any CPU.ActiveCfg = Debug|Any CPU
		{E9AA9825-B8CB-43D8-848E-5F452B0B0E2B}.Debug|Any CPU.Build.0 = Debug|Any CPU
		{E9AA9825-B8CB-43D8-848E-5F452B0B0E2B}.Release|Any CPU.ActiveCfg = Release|Any CPU
		{E9AA9825-B8CB-43D8-848E-5F452B0B0E2B}.Release|Any CPU.Build.0 = Release|Any CPU
	EndGlobalSection
	GlobalSection(SolutionProperties) = preSolution
		HideSolutionNode = FALSE
	EndGlobalSection
	GlobalSection(NestedProjects) = preSolution
		{BF8E4C12-23A2-481A-9DAC-3C783CB4EEFA} = {ED05159F-A970-44F3-9B31-89CC7BB2BFC7}
		{40332139-501E-47A2-AD65-F01331B55D1B} = {ED05159F-A970-44F3-9B31-89CC7BB2BFC7}
		{4C66C5D9-53E1-48F7-B4C2-80B2EA660E2A} = {ED05159F-A970-44F3-9B31-89CC7BB2BFC7}
		{BBD0D155-C9CA-4BF5-B709-6A23C8BDBFA5} = {BF8E4C12-23A2-481A-9DAC-3C783CB4EEFA}
		{A0CCB592-C566-45C1-A05A-26BEFB19A3A7} = {BF8E4C12-23A2-481A-9DAC-3C783CB4EEFA}
		{0E38C83D-74FD-49A6-93DE-AEE00C39D223} = {BF8E4C12-23A2-481A-9DAC-3C783CB4EEFA}
		{E9AA9825-B8CB-43D8-848E-5F452B0B0E2B} = {40332139-501E-47A2-AD65-F01331B55D1B}
	EndGlobalSection
	GlobalSection(ExtensibilityGlobals) = postSolution
		SolutionGuid = {F37DEC6D-098F-422D-95BD-1813D12BC3BA}
	EndGlobalSection
EndGlobal
